// !$*UTF8*$!
{
	archiveVersion = 1;
	classes = {
	};
	objectVersion = 52;
	objects = {

/* Begin PBXBuildFile section */
		AD00906524DE90E9004EB706 /* AppDelegate.swift in Sources */ = {isa = PBXBuildFile; fileRef = AD00906424DE90E9004EB706 /* AppDelegate.swift */; };
		AD00906724DE90E9004EB706 /* SceneDelegate.swift in Sources */ = {isa = PBXBuildFile; fileRef = AD00906624DE90E9004EB706 /* SceneDelegate.swift */; };
		AD00906924DE90E9004EB706 /* ViewController.swift in Sources */ = {isa = PBXBuildFile; fileRef = AD00906824DE90E9004EB706 /* ViewController.swift */; };
		AD00906E24DE90EA004EB706 /* Assets.xcassets in Resources */ = {isa = PBXBuildFile; fileRef = AD00906D24DE90EA004EB706 /* Assets.xcassets */; };
		AD00907124DE90EA004EB706 /* LaunchScreen.storyboard in Resources */ = {isa = PBXBuildFile; fileRef = AD00906F24DE90EA004EB706 /* LaunchScreen.storyboard */; };
		AD00907A24DE933B004EB706 /* RxSwift in Frameworks */ = {isa = PBXBuildFile; productRef = AD00907924DE933B004EB706 /* RxSwift */; };
		AD00907C24DE933B004EB706 /* RxCocoa in Frameworks */ = {isa = PBXBuildFile; productRef = AD00907B24DE933B004EB706 /* RxCocoa */; };
		AD00908224DE938D004EB706 /* UILayoutExtensions.swift in Sources */ = {isa = PBXBuildFile; fileRef = AD00908124DE938D004EB706 /* UILayoutExtensions.swift */; };
		AD00908A24DE9452004EB706 /* RxExtensions.swift in Sources */ = {isa = PBXBuildFile; fileRef = AD00908924DE9452004EB706 /* RxExtensions.swift */; };
		AD00908C24DE94EF004EB706 /* With.swift in Sources */ = {isa = PBXBuildFile; fileRef = AD00908B24DE94EF004EB706 /* With.swift */; };
		AD00908E24DE9519004EB706 /* UIStackViewExtensions.swift in Sources */ = {isa = PBXBuildFile; fileRef = AD00908D24DE9519004EB706 /* UIStackViewExtensions.swift */; };
		AD00909124DE955D004EB706 /* Environment.swift in Sources */ = {isa = PBXBuildFile; fileRef = AD00909024DE955D004EB706 /* Environment.swift */; };
		AD00909524DE959B004EB706 /* KeychainSwift in Frameworks */ = {isa = PBXBuildFile; productRef = AD00909424DE959B004EB706 /* KeychainSwift */; };
		AD00909724DE95AA004EB706 /* KeychainKey.swift in Sources */ = {isa = PBXBuildFile; fileRef = AD00909624DE95AA004EB706 /* KeychainKey.swift */; };
		AD00909924DE95F1004EB706 /* KeychainManager.swift in Sources */ = {isa = PBXBuildFile; fileRef = AD00909824DE95F1004EB706 /* KeychainManager.swift */; };
		AD00909B24DE9678004EB706 /* KeychainMediator.swift in Sources */ = {isa = PBXBuildFile; fileRef = AD00909A24DE9678004EB706 /* KeychainMediator.swift */; };
		AD00909D24DE984F004EB706 /* UIApplicationExtensions.swift in Sources */ = {isa = PBXBuildFile; fileRef = AD00909C24DE984F004EB706 /* UIApplicationExtensions.swift */; };
		AD00909F24DE98D7004EB706 /* UIColorExtensions.swift in Sources */ = {isa = PBXBuildFile; fileRef = AD00909E24DE98D7004EB706 /* UIColorExtensions.swift */; };
		AD0090A124DE99DD004EB706 /* UIViewExtensions.swift in Sources */ = {isa = PBXBuildFile; fileRef = AD0090A024DE99DD004EB706 /* UIViewExtensions.swift */; };
		AD0090A324DE9A14004EB706 /* UIViewControllerExtensions.swift in Sources */ = {isa = PBXBuildFile; fileRef = AD0090A224DE9A14004EB706 /* UIViewControllerExtensions.swift */; };
		AD0090AB24DE9A76004EB706 /* AirbnbCerealBook.ttf in Resources */ = {isa = PBXBuildFile; fileRef = AD0090A524DE9A75004EB706 /* AirbnbCerealBook.ttf */; };
		AD0090AC24DE9A76004EB706 /* AirbnbCerealBlack.ttf in Resources */ = {isa = PBXBuildFile; fileRef = AD0090A624DE9A75004EB706 /* AirbnbCerealBlack.ttf */; };
		AD0090AD24DE9A76004EB706 /* AirbnbCerealMedium.ttf in Resources */ = {isa = PBXBuildFile; fileRef = AD0090A724DE9A75004EB706 /* AirbnbCerealMedium.ttf */; };
		AD0090AE24DE9A76004EB706 /* AirbnbCerealBold.ttf in Resources */ = {isa = PBXBuildFile; fileRef = AD0090A824DE9A76004EB706 /* AirbnbCerealBold.ttf */; };
		AD0090AF24DE9A76004EB706 /* AirbnbCerealLight.ttf in Resources */ = {isa = PBXBuildFile; fileRef = AD0090A924DE9A76004EB706 /* AirbnbCerealLight.ttf */; };
		AD0090B024DE9A76004EB706 /* AirbnbCerealExtraBold.ttf in Resources */ = {isa = PBXBuildFile; fileRef = AD0090AA24DE9A76004EB706 /* AirbnbCerealExtraBold.ttf */; };
		AD0090B224DE9A8B004EB706 /* UIFontExtensions.swift in Sources */ = {isa = PBXBuildFile; fileRef = AD0090B124DE9A8B004EB706 /* UIFontExtensions.swift */; };
		AD0090B524DE9B63004EB706 /* NavigationController.swift in Sources */ = {isa = PBXBuildFile; fileRef = AD0090B424DE9B63004EB706 /* NavigationController.swift */; };
		AD0090C324DEB97E004EB706 /* CardListViewModel.swift in Sources */ = {isa = PBXBuildFile; fileRef = AD0090C224DEB97E004EB706 /* CardListViewModel.swift */; };
		AD0090C524DEB98D004EB706 /* CardListViewController.swift in Sources */ = {isa = PBXBuildFile; fileRef = AD0090C424DEB98D004EB706 /* CardListViewController.swift */; };
		AD0090C824DEB9AE004EB706 /* Card.swift in Sources */ = {isa = PBXBuildFile; fileRef = AD0090C724DEB9AE004EB706 /* Card.swift */; };
		AD0090CA24DEBB60004EB706 /* CardListCell.swift in Sources */ = {isa = PBXBuildFile; fileRef = AD0090C924DEBB60004EB706 /* CardListCell.swift */; };
		AD0090D824DEC334004EB706 /* CardListCellDisplayDatasource.swift in Sources */ = {isa = PBXBuildFile; fileRef = AD0090D724DEC334004EB706 /* CardListCellDisplayDatasource.swift */; };
		AD0090DB24DEC856004EB706 /* UserDefaultsManager.swift in Sources */ = {isa = PBXBuildFile; fileRef = AD0090DA24DEC856004EB706 /* UserDefaultsManager.swift */; };
		AD0090DD24DEC86C004EB706 /* UserDefaultsKey.swift in Sources */ = {isa = PBXBuildFile; fileRef = AD0090DC24DEC86C004EB706 /* UserDefaultsKey.swift */; };
		AD0090DF24DEC88F004EB706 /* UserDefaultsMediator.swift in Sources */ = {isa = PBXBuildFile; fileRef = AD0090DE24DEC88F004EB706 /* UserDefaultsMediator.swift */; };
		AD0090E124DED187004EB706 /* CardListView.swift in Sources */ = {isa = PBXBuildFile; fileRef = AD0090E024DED187004EB706 /* CardListView.swift */; };
		AD0090E324DED4EC004EB706 /* UITableViewExtensions.swift in Sources */ = {isa = PBXBuildFile; fileRef = AD0090E224DED4EC004EB706 /* UITableViewExtensions.swift */; };
		AD53755924DEDEF6003C3609 /* UserDefaultsExtensions.swift in Sources */ = {isa = PBXBuildFile; fileRef = AD53755824DEDEF5003C3609 /* UserDefaultsExtensions.swift */; };
		AD53755B24DEF434003C3609 /* KeychainExtensions.swift in Sources */ = {isa = PBXBuildFile; fileRef = AD53755A24DEF434003C3609 /* KeychainExtensions.swift */; };
		AD53755F24DF096C003C3609 /* AddCardViewController.swift in Sources */ = {isa = PBXBuildFile; fileRef = AD53755E24DF096C003C3609 /* AddCardViewController.swift */; };
		AD53756124DF0978003C3609 /* AddCardViewModel.swift in Sources */ = {isa = PBXBuildFile; fileRef = AD53756024DF0978003C3609 /* AddCardViewModel.swift */; };
		AD53756324DF0989003C3609 /* AddCardView.swift in Sources */ = {isa = PBXBuildFile; fileRef = AD53756224DF0989003C3609 /* AddCardView.swift */; };
		AD53756B24DF1254003C3609 /* TextField.swift in Sources */ = {isa = PBXBuildFile; fileRef = AD53756A24DF1254003C3609 /* TextField.swift */; };
/* End PBXBuildFile section */

/* Begin PBXFileReference section */
		AD00906124DE90E9004EB706 /* Credit Card Store.app */ = {isa = PBXFileReference; explicitFileType = wrapper.application; includeInIndex = 0; path = "Credit Card Store.app"; sourceTree = BUILT_PRODUCTS_DIR; };
		AD00906424DE90E9004EB706 /* AppDelegate.swift */ = {isa = PBXFileReference; lastKnownFileType = sourcecode.swift; path = AppDelegate.swift; sourceTree = "<group>"; };
		AD00906624DE90E9004EB706 /* SceneDelegate.swift */ = {isa = PBXFileReference; lastKnownFileType = sourcecode.swift; path = SceneDelegate.swift; sourceTree = "<group>"; };
		AD00906824DE90E9004EB706 /* ViewController.swift */ = {isa = PBXFileReference; lastKnownFileType = sourcecode.swift; path = ViewController.swift; sourceTree = "<group>"; };
		AD00906D24DE90EA004EB706 /* Assets.xcassets */ = {isa = PBXFileReference; lastKnownFileType = folder.assetcatalog; path = Assets.xcassets; sourceTree = "<group>"; };
		AD00907024DE90EA004EB706 /* Base */ = {isa = PBXFileReference; lastKnownFileType = file.storyboard; name = Base; path = Base.lproj/LaunchScreen.storyboard; sourceTree = "<group>"; };
		AD00907224DE90EA004EB706 /* Info.plist */ = {isa = PBXFileReference; lastKnownFileType = text.plist.xml; path = Info.plist; sourceTree = "<group>"; };
		AD00908124DE938D004EB706 /* UILayoutExtensions.swift */ = {isa = PBXFileReference; lastKnownFileType = sourcecode.swift; path = UILayoutExtensions.swift; sourceTree = "<group>"; };
		AD00908924DE9452004EB706 /* RxExtensions.swift */ = {isa = PBXFileReference; lastKnownFileType = sourcecode.swift; path = RxExtensions.swift; sourceTree = "<group>"; };
		AD00908B24DE94EF004EB706 /* With.swift */ = {isa = PBXFileReference; lastKnownFileType = sourcecode.swift; path = With.swift; sourceTree = "<group>"; };
		AD00908D24DE9519004EB706 /* UIStackViewExtensions.swift */ = {isa = PBXFileReference; lastKnownFileType = sourcecode.swift; path = UIStackViewExtensions.swift; sourceTree = "<group>"; };
		AD00909024DE955D004EB706 /* Environment.swift */ = {isa = PBXFileReference; lastKnownFileType = sourcecode.swift; path = Environment.swift; sourceTree = "<group>"; };
		AD00909624DE95AA004EB706 /* KeychainKey.swift */ = {isa = PBXFileReference; lastKnownFileType = sourcecode.swift; path = KeychainKey.swift; sourceTree = "<group>"; };
		AD00909824DE95F1004EB706 /* KeychainManager.swift */ = {isa = PBXFileReference; lastKnownFileType = sourcecode.swift; path = KeychainManager.swift; sourceTree = "<group>"; };
		AD00909A24DE9678004EB706 /* KeychainMediator.swift */ = {isa = PBXFileReference; lastKnownFileType = sourcecode.swift; path = KeychainMediator.swift; sourceTree = "<group>"; };
		AD00909C24DE984F004EB706 /* UIApplicationExtensions.swift */ = {isa = PBXFileReference; lastKnownFileType = sourcecode.swift; path = UIApplicationExtensions.swift; sourceTree = "<group>"; };
		AD00909E24DE98D7004EB706 /* UIColorExtensions.swift */ = {isa = PBXFileReference; lastKnownFileType = sourcecode.swift; path = UIColorExtensions.swift; sourceTree = "<group>"; };
		AD0090A024DE99DD004EB706 /* UIViewExtensions.swift */ = {isa = PBXFileReference; lastKnownFileType = sourcecode.swift; path = UIViewExtensions.swift; sourceTree = "<group>"; };
		AD0090A224DE9A14004EB706 /* UIViewControllerExtensions.swift */ = {isa = PBXFileReference; lastKnownFileType = sourcecode.swift; path = UIViewControllerExtensions.swift; sourceTree = "<group>"; };
		AD0090A524DE9A75004EB706 /* AirbnbCerealBook.ttf */ = {isa = PBXFileReference; lastKnownFileType = file; path = AirbnbCerealBook.ttf; sourceTree = "<group>"; };
		AD0090A624DE9A75004EB706 /* AirbnbCerealBlack.ttf */ = {isa = PBXFileReference; lastKnownFileType = file; path = AirbnbCerealBlack.ttf; sourceTree = "<group>"; };
		AD0090A724DE9A75004EB706 /* AirbnbCerealMedium.ttf */ = {isa = PBXFileReference; lastKnownFileType = file; path = AirbnbCerealMedium.ttf; sourceTree = "<group>"; };
		AD0090A824DE9A76004EB706 /* AirbnbCerealBold.ttf */ = {isa = PBXFileReference; lastKnownFileType = file; path = AirbnbCerealBold.ttf; sourceTree = "<group>"; };
		AD0090A924DE9A76004EB706 /* AirbnbCerealLight.ttf */ = {isa = PBXFileReference; lastKnownFileType = file; path = AirbnbCerealLight.ttf; sourceTree = "<group>"; };
		AD0090AA24DE9A76004EB706 /* AirbnbCerealExtraBold.ttf */ = {isa = PBXFileReference; lastKnownFileType = file; path = AirbnbCerealExtraBold.ttf; sourceTree = "<group>"; };
		AD0090B124DE9A8B004EB706 /* UIFontExtensions.swift */ = {isa = PBXFileReference; lastKnownFileType = sourcecode.swift; path = UIFontExtensions.swift; sourceTree = "<group>"; };
		AD0090B424DE9B63004EB706 /* NavigationController.swift */ = {isa = PBXFileReference; lastKnownFileType = sourcecode.swift; path = NavigationController.swift; sourceTree = "<group>"; };
		AD0090C224DEB97E004EB706 /* CardListViewModel.swift */ = {isa = PBXFileReference; lastKnownFileType = sourcecode.swift; path = CardListViewModel.swift; sourceTree = "<group>"; };
		AD0090C424DEB98D004EB706 /* CardListViewController.swift */ = {isa = PBXFileReference; lastKnownFileType = sourcecode.swift; path = CardListViewController.swift; sourceTree = "<group>"; };
		AD0090C724DEB9AE004EB706 /* Card.swift */ = {isa = PBXFileReference; lastKnownFileType = sourcecode.swift; path = Card.swift; sourceTree = "<group>"; };
		AD0090C924DEBB60004EB706 /* CardListCell.swift */ = {isa = PBXFileReference; lastKnownFileType = sourcecode.swift; path = CardListCell.swift; sourceTree = "<group>"; };
		AD0090D724DEC334004EB706 /* CardListCellDisplayDatasource.swift */ = {isa = PBXFileReference; lastKnownFileType = sourcecode.swift; path = CardListCellDisplayDatasource.swift; sourceTree = "<group>"; };
		AD0090DA24DEC856004EB706 /* UserDefaultsManager.swift */ = {isa = PBXFileReference; lastKnownFileType = sourcecode.swift; path = UserDefaultsManager.swift; sourceTree = "<group>"; };
		AD0090DC24DEC86C004EB706 /* UserDefaultsKey.swift */ = {isa = PBXFileReference; lastKnownFileType = sourcecode.swift; path = UserDefaultsKey.swift; sourceTree = "<group>"; };
		AD0090DE24DEC88F004EB706 /* UserDefaultsMediator.swift */ = {isa = PBXFileReference; lastKnownFileType = sourcecode.swift; path = UserDefaultsMediator.swift; sourceTree = "<group>"; };
		AD0090E024DED187004EB706 /* CardListView.swift */ = {isa = PBXFileReference; lastKnownFileType = sourcecode.swift; path = CardListView.swift; sourceTree = "<group>"; };
		AD0090E224DED4EC004EB706 /* UITableViewExtensions.swift */ = {isa = PBXFileReference; lastKnownFileType = sourcecode.swift; path = UITableViewExtensions.swift; sourceTree = "<group>"; };
		AD53755824DEDEF5003C3609 /* UserDefaultsExtensions.swift */ = {isa = PBXFileReference; lastKnownFileType = sourcecode.swift; path = UserDefaultsExtensions.swift; sourceTree = "<group>"; };
		AD53755A24DEF434003C3609 /* KeychainExtensions.swift */ = {isa = PBXFileReference; lastKnownFileType = sourcecode.swift; path = KeychainExtensions.swift; sourceTree = "<group>"; };
		AD53755E24DF096C003C3609 /* AddCardViewController.swift */ = {isa = PBXFileReference; lastKnownFileType = sourcecode.swift; path = AddCardViewController.swift; sourceTree = "<group>"; };
		AD53756024DF0978003C3609 /* AddCardViewModel.swift */ = {isa = PBXFileReference; lastKnownFileType = sourcecode.swift; path = AddCardViewModel.swift; sourceTree = "<group>"; };
		AD53756224DF0989003C3609 /* AddCardView.swift */ = {isa = PBXFileReference; lastKnownFileType = sourcecode.swift; path = AddCardView.swift; sourceTree = "<group>"; };
		AD53756A24DF1254003C3609 /* TextField.swift */ = {isa = PBXFileReference; lastKnownFileType = sourcecode.swift; path = TextField.swift; sourceTree = "<group>"; };
/* End PBXFileReference section */

/* Begin PBXFrameworksBuildPhase section */
		AD00905E24DE90E9004EB706 /* Frameworks */ = {
			isa = PBXFrameworksBuildPhase;
			buildActionMask = 2147483647;
			files = (
				AD00909524DE959B004EB706 /* KeychainSwift in Frameworks */,
				AD00907C24DE933B004EB706 /* RxCocoa in Frameworks */,
				AD00907A24DE933B004EB706 /* RxSwift in Frameworks */,
			);
			runOnlyForDeploymentPostprocessing = 0;
		};
/* End PBXFrameworksBuildPhase section */

/* Begin PBXGroup section */
		AD00905824DE90E9004EB706 = {
			isa = PBXGroup;
			children = (
				AD00906324DE90E9004EB706 /* Credit Card Store */,
				AD00906224DE90E9004EB706 /* Products */,
			);
			sourceTree = "<group>";
		};
		AD00906224DE90E9004EB706 /* Products */ = {
			isa = PBXGroup;
			children = (
				AD00906124DE90E9004EB706 /* Credit Card Store.app */,
			);
			name = Products;
			sourceTree = "<group>";
		};
		AD00906324DE90E9004EB706 /* Credit Card Store */ = {
			isa = PBXGroup;
			children = (
				AD00906424DE90E9004EB706 /* AppDelegate.swift */,
				AD00906D24DE90EA004EB706 /* Assets.xcassets */,
				AD0090B324DE9A9D004EB706 /* CustomViews */,
				AD00908F24DE953B004EB706 /* Environment */,
				AD00907F24DE9361004EB706 /* Extensions */,
				AD0090A424DE9A53004EB706 /* Fonts */,
				AD00907224DE90EA004EB706 /* Info.plist */,
				AD00906F24DE90EA004EB706 /* LaunchScreen.storyboard */,
				AD0090C624DEB99E004EB706 /* Models */,
				AD00906624DE90E9004EB706 /* SceneDelegate.swift */,
				AD0090B624DE9E22004EB706 /* Screens */,
				AD00906824DE90E9004EB706 /* ViewController.swift */,
			);
			path = "Credit Card Store";
			sourceTree = "<group>";
		};
		AD00907F24DE9361004EB706 /* Extensions */ = {
			isa = PBXGroup;
			children = (
				AD53755A24DEF434003C3609 /* KeychainExtensions.swift */,
				AD00908924DE9452004EB706 /* RxExtensions.swift */,
				AD00909C24DE984F004EB706 /* UIApplicationExtensions.swift */,
				AD00909E24DE98D7004EB706 /* UIColorExtensions.swift */,
				AD0090B124DE9A8B004EB706 /* UIFontExtensions.swift */,
				AD00908124DE938D004EB706 /* UILayoutExtensions.swift */,
				AD00908D24DE9519004EB706 /* UIStackViewExtensions.swift */,
				AD0090E224DED4EC004EB706 /* UITableViewExtensions.swift */,
				AD0090A224DE9A14004EB706 /* UIViewControllerExtensions.swift */,
				AD0090A024DE99DD004EB706 /* UIViewExtensions.swift */,
				AD53755824DEDEF5003C3609 /* UserDefaultsExtensions.swift */,
				AD00908B24DE94EF004EB706 /* With.swift */,
			);
			path = Extensions;
			sourceTree = "<group>";
		};
		AD00908F24DE953B004EB706 /* Environment */ = {
			isa = PBXGroup;
			children = (
				AD00909024DE955D004EB706 /* Environment.swift */,
				AD00909224DE9576004EB706 /* Keychain */,
				AD0090D924DEC801004EB706 /* UserDefaults */,
			);
			path = Environment;
			sourceTree = "<group>";
		};
		AD00909224DE9576004EB706 /* Keychain */ = {
			isa = PBXGroup;
			children = (
				AD00909624DE95AA004EB706 /* KeychainKey.swift */,
				AD00909824DE95F1004EB706 /* KeychainManager.swift */,
				AD00909A24DE9678004EB706 /* KeychainMediator.swift */,
			);
			path = Keychain;
			sourceTree = "<group>";
		};
		AD0090A424DE9A53004EB706 /* Fonts */ = {
			isa = PBXGroup;
			children = (
				AD0090A624DE9A75004EB706 /* AirbnbCerealBlack.ttf */,
				AD0090A824DE9A76004EB706 /* AirbnbCerealBold.ttf */,
				AD0090A524DE9A75004EB706 /* AirbnbCerealBook.ttf */,
				AD0090AA24DE9A76004EB706 /* AirbnbCerealExtraBold.ttf */,
				AD0090A924DE9A76004EB706 /* AirbnbCerealLight.ttf */,
				AD0090A724DE9A75004EB706 /* AirbnbCerealMedium.ttf */,
			);
			path = Fonts;
			sourceTree = "<group>";
		};
		AD0090B324DE9A9D004EB706 /* CustomViews */ = {
			isa = PBXGroup;
			children = (
				AD0090B424DE9B63004EB706 /* NavigationController.swift */,
				AD53756A24DF1254003C3609 /* TextField.swift */,
			);
			path = CustomViews;
			sourceTree = "<group>";
		};
		AD0090B624DE9E22004EB706 /* Screens */ = {
			isa = PBXGroup;
			children = (
				AD53755C24DF094E003C3609 /* AddCard */,
				AD0090BD24DEB939004EB706 /* CardList */,
			);
			path = Screens;
			sourceTree = "<group>";
		};
		AD0090BD24DEB939004EB706 /* CardList */ = {
			isa = PBXGroup;
			children = (
				AD0090C424DEB98D004EB706 /* CardListViewController.swift */,
				AD0090C224DEB97E004EB706 /* CardListViewModel.swift */,
				AD0090BE24DEB944004EB706 /* Cells */,
				AD0090BF24DEB950004EB706 /* Views */,
			);
			path = CardList;
			sourceTree = "<group>";
		};
		AD0090BE24DEB944004EB706 /* Cells */ = {
			isa = PBXGroup;
			children = (
				AD0090C924DEBB60004EB706 /* CardListCell.swift */,
				AD0090D724DEC334004EB706 /* CardListCellDisplayDatasource.swift */,
			);
			path = Cells;
			sourceTree = "<group>";
		};
		AD0090BF24DEB950004EB706 /* Views */ = {
			isa = PBXGroup;
			children = (
				AD0090E024DED187004EB706 /* CardListView.swift */,
			);
			path = Views;
			sourceTree = "<group>";
		};
		AD0090C624DEB99E004EB706 /* Models */ = {
			isa = PBXGroup;
			children = (
				AD0090C724DEB9AE004EB706 /* Card.swift */,
			);
			path = Models;
			sourceTree = "<group>";
		};
		AD0090D924DEC801004EB706 /* UserDefaults */ = {
			isa = PBXGroup;
			children = (
				AD0090DC24DEC86C004EB706 /* UserDefaultsKey.swift */,
				AD0090DA24DEC856004EB706 /* UserDefaultsManager.swift */,
				AD0090DE24DEC88F004EB706 /* UserDefaultsMediator.swift */,
			);
			path = UserDefaults;
			sourceTree = "<group>";
		};
		AD53755C24DF094E003C3609 /* AddCard */ = {
			isa = PBXGroup;
			children = (
				AD53755E24DF096C003C3609 /* AddCardViewController.swift */,
				AD53756024DF0978003C3609 /* AddCardViewModel.swift */,
				AD53755D24DF095F003C3609 /* Views */,
			);
			path = AddCard;
			sourceTree = "<group>";
		};
		AD53755D24DF095F003C3609 /* Views */ = {
			isa = PBXGroup;
			children = (
				AD53756224DF0989003C3609 /* AddCardView.swift */,
			);
			path = Views;
			sourceTree = "<group>";
		};
/* End PBXGroup section */

/* Begin PBXNativeTarget section */
		AD00906024DE90E9004EB706 /* Credit Card Store */ = {
			isa = PBXNativeTarget;
			buildConfigurationList = AD00907524DE90EA004EB706 /* Build configuration list for PBXNativeTarget "Credit Card Store" */;
			buildPhases = (
				AD00905D24DE90E9004EB706 /* Sources */,
				AD00905E24DE90E9004EB706 /* Frameworks */,
				AD00905F24DE90E9004EB706 /* Resources */,
			);
			buildRules = (
			);
			dependencies = (
			);
			name = "Credit Card Store";
			packageProductDependencies = (
				AD00907924DE933B004EB706 /* RxSwift */,
				AD00907B24DE933B004EB706 /* RxCocoa */,
				AD00909424DE959B004EB706 /* KeychainSwift */,
			);
			productName = "Credit Card Store";
			productReference = AD00906124DE90E9004EB706 /* Credit Card Store.app */;
			productType = "com.apple.product-type.application";
		};
/* End PBXNativeTarget section */

/* Begin PBXProject section */
		AD00905924DE90E9004EB706 /* Project object */ = {
			isa = PBXProject;
			attributes = {
				LastSwiftUpdateCheck = 1160;
				LastUpgradeCheck = 1160;
				ORGANIZATIONNAME = "Alperen Duran";
				TargetAttributes = {
					AD00906024DE90E9004EB706 = {
						CreatedOnToolsVersion = 11.6;
					};
				};
			};
			buildConfigurationList = AD00905C24DE90E9004EB706 /* Build configuration list for PBXProject "Credit Card Store" */;
			compatibilityVersion = "Xcode 9.3";
			developmentRegion = en;
			hasScannedForEncodings = 0;
			knownRegions = (
				en,
				Base,
			);
			mainGroup = AD00905824DE90E9004EB706;
			packageReferences = (
				AD00907824DE933B004EB706 /* XCRemoteSwiftPackageReference "RxSwift" */,
				AD00909324DE959B004EB706 /* XCRemoteSwiftPackageReference "keychain-swift" */,
			);
			productRefGroup = AD00906224DE90E9004EB706 /* Products */;
			projectDirPath = "";
			projectRoot = "";
			targets = (
				AD00906024DE90E9004EB706 /* Credit Card Store */,
			);
		};
/* End PBXProject section */

/* Begin PBXResourcesBuildPhase section */
		AD00905F24DE90E9004EB706 /* Resources */ = {
			isa = PBXResourcesBuildPhase;
			buildActionMask = 2147483647;
			files = (
				AD0090AF24DE9A76004EB706 /* AirbnbCerealLight.ttf in Resources */,
				AD0090AC24DE9A76004EB706 /* AirbnbCerealBlack.ttf in Resources */,
				AD0090AB24DE9A76004EB706 /* AirbnbCerealBook.ttf in Resources */,
				AD00907124DE90EA004EB706 /* LaunchScreen.storyboard in Resources */,
				AD0090B024DE9A76004EB706 /* AirbnbCerealExtraBold.ttf in Resources */,
				AD0090AE24DE9A76004EB706 /* AirbnbCerealBold.ttf in Resources */,
				AD00906E24DE90EA004EB706 /* Assets.xcassets in Resources */,
				AD0090AD24DE9A76004EB706 /* AirbnbCerealMedium.ttf in Resources */,
			);
			runOnlyForDeploymentPostprocessing = 0;
		};
/* End PBXResourcesBuildPhase section */

/* Begin PBXSourcesBuildPhase section */
		AD00905D24DE90E9004EB706 /* Sources */ = {
			isa = PBXSourcesBuildPhase;
			buildActionMask = 2147483647;
			files = (
				AD0090DD24DEC86C004EB706 /* UserDefaultsKey.swift in Sources */,
				AD00906924DE90E9004EB706 /* ViewController.swift in Sources */,
				AD00909124DE955D004EB706 /* Environment.swift in Sources */,
				AD53756B24DF1254003C3609 /* TextField.swift in Sources */,
				AD00909F24DE98D7004EB706 /* UIColorExtensions.swift in Sources */,
				AD53755F24DF096C003C3609 /* AddCardViewController.swift in Sources */,
				AD00909724DE95AA004EB706 /* KeychainKey.swift in Sources */,
				AD00908C24DE94EF004EB706 /* With.swift in Sources */,
				AD53755B24DEF434003C3609 /* KeychainExtensions.swift in Sources */,
				AD0090B524DE9B63004EB706 /* NavigationController.swift in Sources */,
				AD0090C524DEB98D004EB706 /* CardListViewController.swift in Sources */,
				AD53756324DF0989003C3609 /* AddCardView.swift in Sources */,
				AD0090DB24DEC856004EB706 /* UserDefaultsManager.swift in Sources */,
				AD0090C824DEB9AE004EB706 /* Card.swift in Sources */,
				AD00906524DE90E9004EB706 /* AppDelegate.swift in Sources */,
				AD0090D824DEC334004EB706 /* CardListCellDisplayDatasource.swift in Sources */,
				AD0090E324DED4EC004EB706 /* UITableViewExtensions.swift in Sources */,
				AD0090B224DE9A8B004EB706 /* UIFontExtensions.swift in Sources */,
				AD00908A24DE9452004EB706 /* RxExtensions.swift in Sources */,
				AD0090DF24DEC88F004EB706 /* UserDefaultsMediator.swift in Sources */,
				AD0090A324DE9A14004EB706 /* UIViewControllerExtensions.swift in Sources */,
				AD0090CA24DEBB60004EB706 /* CardListCell.swift in Sources */,
				AD53755924DEDEF6003C3609 /* UserDefaultsExtensions.swift in Sources */,
				AD0090C324DEB97E004EB706 /* CardListViewModel.swift in Sources */,
				AD00909D24DE984F004EB706 /* UIApplicationExtensions.swift in Sources */,
				AD0090A124DE99DD004EB706 /* UIViewExtensions.swift in Sources */,
				AD00909B24DE9678004EB706 /* KeychainMediator.swift in Sources */,
				AD00908E24DE9519004EB706 /* UIStackViewExtensions.swift in Sources */,
				AD00906724DE90E9004EB706 /* SceneDelegate.swift in Sources */,
				AD53756124DF0978003C3609 /* AddCardViewModel.swift in Sources */,
				AD00908224DE938D004EB706 /* UILayoutExtensions.swift in Sources */,
				AD0090E124DED187004EB706 /* CardListView.swift in Sources */,
				AD00909924DE95F1004EB706 /* KeychainManager.swift in Sources */,
			);
			runOnlyForDeploymentPostprocessing = 0;
		};
/* End PBXSourcesBuildPhase section */

/* Begin PBXVariantGroup section */
		AD00906F24DE90EA004EB706 /* LaunchScreen.storyboard */ = {
			isa = PBXVariantGroup;
			children = (
				AD00907024DE90EA004EB706 /* Base */,
			);
			name = LaunchScreen.storyboard;
			sourceTree = "<group>";
		};
/* End PBXVariantGroup section */

/* Begin XCBuildConfiguration section */
		AD00907324DE90EA004EB706 /* Debug */ = {
			isa = XCBuildConfiguration;
			buildSettings = {
				ALWAYS_SEARCH_USER_PATHS = NO;
				CLANG_ANALYZER_NONNULL = YES;
				CLANG_ANALYZER_NUMBER_OBJECT_CONVERSION = YES_AGGRESSIVE;
				CLANG_CXX_LANGUAGE_STANDARD = "gnu++14";
				CLANG_CXX_LIBRARY = "libc++";
				CLANG_ENABLE_MODULES = YES;
				CLANG_ENABLE_OBJC_ARC = YES;
				CLANG_ENABLE_OBJC_WEAK = YES;
				CLANG_WARN_BLOCK_CAPTURE_AUTORELEASING = YES;
				CLANG_WARN_BOOL_CONVERSION = YES;
				CLANG_WARN_COMMA = YES;
				CLANG_WARN_CONSTANT_CONVERSION = YES;
				CLANG_WARN_DEPRECATED_OBJC_IMPLEMENTATIONS = YES;
				CLANG_WARN_DIRECT_OBJC_ISA_USAGE = YES_ERROR;
				CLANG_WARN_DOCUMENTATION_COMMENTS = YES;
				CLANG_WARN_EMPTY_BODY = YES;
				CLANG_WARN_ENUM_CONVERSION = YES;
				CLANG_WARN_INFINITE_RECURSION = YES;
				CLANG_WARN_INT_CONVERSION = YES;
				CLANG_WARN_NON_LITERAL_NULL_CONVERSION = YES;
				CLANG_WARN_OBJC_IMPLICIT_RETAIN_SELF = YES;
				CLANG_WARN_OBJC_LITERAL_CONVERSION = YES;
				CLANG_WARN_OBJC_ROOT_CLASS = YES_ERROR;
				CLANG_WARN_RANGE_LOOP_ANALYSIS = YES;
				CLANG_WARN_STRICT_PROTOTYPES = YES;
				CLANG_WARN_SUSPICIOUS_MOVE = YES;
				CLANG_WARN_UNGUARDED_AVAILABILITY = YES_AGGRESSIVE;
				CLANG_WARN_UNREACHABLE_CODE = YES;
				CLANG_WARN__DUPLICATE_METHOD_MATCH = YES;
				COPY_PHASE_STRIP = NO;
				DEBUG_INFORMATION_FORMAT = dwarf;
				ENABLE_STRICT_OBJC_MSGSEND = YES;
				ENABLE_TESTABILITY = YES;
				GCC_C_LANGUAGE_STANDARD = gnu11;
				GCC_DYNAMIC_NO_PIC = NO;
				GCC_NO_COMMON_BLOCKS = YES;
				GCC_OPTIMIZATION_LEVEL = 0;
				GCC_PREPROCESSOR_DEFINITIONS = (
					"DEBUG=1",
					"$(inherited)",
				);
				GCC_WARN_64_TO_32_BIT_CONVERSION = YES;
				GCC_WARN_ABOUT_RETURN_TYPE = YES_ERROR;
				GCC_WARN_UNDECLARED_SELECTOR = YES;
				GCC_WARN_UNINITIALIZED_AUTOS = YES_AGGRESSIVE;
				GCC_WARN_UNUSED_FUNCTION = YES;
				GCC_WARN_UNUSED_VARIABLE = YES;
				IPHONEOS_DEPLOYMENT_TARGET = 13.0;
				MTL_ENABLE_DEBUG_INFO = INCLUDE_SOURCE;
				MTL_FAST_MATH = YES;
				ONLY_ACTIVE_ARCH = YES;
				SDKROOT = iphoneos;
				SWIFT_ACTIVE_COMPILATION_CONDITIONS = DEBUG;
				SWIFT_OPTIMIZATION_LEVEL = "-Onone";
			};
			name = Debug;
		};
		AD00907424DE90EA004EB706 /* Release */ = {
			isa = XCBuildConfiguration;
			buildSettings = {
				ALWAYS_SEARCH_USER_PATHS = NO;
				CLANG_ANALYZER_NONNULL = YES;
				CLANG_ANALYZER_NUMBER_OBJECT_CONVERSION = YES_AGGRESSIVE;
				CLANG_CXX_LANGUAGE_STANDARD = "gnu++14";
				CLANG_CXX_LIBRARY = "libc++";
				CLANG_ENABLE_MODULES = YES;
				CLANG_ENABLE_OBJC_ARC = YES;
				CLANG_ENABLE_OBJC_WEAK = YES;
				CLANG_WARN_BLOCK_CAPTURE_AUTORELEASING = YES;
				CLANG_WARN_BOOL_CONVERSION = YES;
				CLANG_WARN_COMMA = YES;
				CLANG_WARN_CONSTANT_CONVERSION = YES;
				CLANG_WARN_DEPRECATED_OBJC_IMPLEMENTATIONS = YES;
				CLANG_WARN_DIRECT_OBJC_ISA_USAGE = YES_ERROR;
				CLANG_WARN_DOCUMENTATION_COMMENTS = YES;
				CLANG_WARN_EMPTY_BODY = YES;
				CLANG_WARN_ENUM_CONVERSION = YES;
				CLANG_WARN_INFINITE_RECURSION = YES;
				CLANG_WARN_INT_CONVERSION = YES;
				CLANG_WARN_NON_LITERAL_NULL_CONVERSION = YES;
				CLANG_WARN_OBJC_IMPLICIT_RETAIN_SELF = YES;
				CLANG_WARN_OBJC_LITERAL_CONVERSION = YES;
				CLANG_WARN_OBJC_ROOT_CLASS = YES_ERROR;
				CLANG_WARN_RANGE_LOOP_ANALYSIS = YES;
				CLANG_WARN_STRICT_PROTOTYPES = YES;
				CLANG_WARN_SUSPICIOUS_MOVE = YES;
				CLANG_WARN_UNGUARDED_AVAILABILITY = YES_AGGRESSIVE;
				CLANG_WARN_UNREACHABLE_CODE = YES;
				CLANG_WARN__DUPLICATE_METHOD_MATCH = YES;
				COPY_PHASE_STRIP = NO;
				DEBUG_INFORMATION_FORMAT = "dwarf-with-dsym";
				ENABLE_NS_ASSERTIONS = NO;
				ENABLE_STRICT_OBJC_MSGSEND = YES;
				GCC_C_LANGUAGE_STANDARD = gnu11;
				GCC_NO_COMMON_BLOCKS = YES;
				GCC_WARN_64_TO_32_BIT_CONVERSION = YES;
				GCC_WARN_ABOUT_RETURN_TYPE = YES_ERROR;
				GCC_WARN_UNDECLARED_SELECTOR = YES;
				GCC_WARN_UNINITIALIZED_AUTOS = YES_AGGRESSIVE;
				GCC_WARN_UNUSED_FUNCTION = YES;
				GCC_WARN_UNUSED_VARIABLE = YES;
				IPHONEOS_DEPLOYMENT_TARGET = 13.0;
				MTL_ENABLE_DEBUG_INFO = NO;
				MTL_FAST_MATH = YES;
				SDKROOT = iphoneos;
				SWIFT_COMPILATION_MODE = wholemodule;
				SWIFT_OPTIMIZATION_LEVEL = "-O";
				VALIDATE_PRODUCT = YES;
			};
			name = Release;
		};
		AD00907624DE90EA004EB706 /* Debug */ = {
			isa = XCBuildConfiguration;
			buildSettings = {
				ASSETCATALOG_COMPILER_APPICON_NAME = AppIcon;
				CODE_SIGN_STYLE = Automatic;
				DEVELOPMENT_TEAM = 24276C4JVA;
				INFOPLIST_FILE = "Credit Card Store/Info.plist";
				IPHONEOS_DEPLOYMENT_TARGET = 13.0;
				LD_RUNPATH_SEARCH_PATHS = (
					"$(inherited)",
					"@executable_path/Frameworks",
				);
				PRODUCT_BUNDLE_IDENTIFIER = "com.alperenduran.Credit-Card-Store";
				PRODUCT_NAME = "$(TARGET_NAME)";
				SWIFT_VERSION = 5.0;
				TARGETED_DEVICE_FAMILY = 1;
			};
			name = Debug;
		};
		AD00907724DE90EA004EB706 /* Release */ = {
			isa = XCBuildConfiguration;
			buildSettings = {
				ASSETCATALOG_COMPILER_APPICON_NAME = AppIcon;
				CODE_SIGN_STYLE = Automatic;
				DEVELOPMENT_TEAM = 24276C4JVA;
				INFOPLIST_FILE = "Credit Card Store/Info.plist";
				IPHONEOS_DEPLOYMENT_TARGET = 13.0;
				LD_RUNPATH_SEARCH_PATHS = (
					"$(inherited)",
					"@executable_path/Frameworks",
				);
				PRODUCT_BUNDLE_IDENTIFIER = "com.alperenduran.Credit-Card-Store";
				PRODUCT_NAME = "$(TARGET_NAME)";
				SWIFT_VERSION = 5.0;
				TARGETED_DEVICE_FAMILY = 1;
			};
			name = Release;
		};
/* End XCBuildConfiguration section */

/* Begin XCConfigurationList section */
		AD00905C24DE90E9004EB706 /* Build configuration list for PBXProject "Credit Card Store" */ = {
			isa = XCConfigurationList;
			buildConfigurations = (
				AD00907324DE90EA004EB706 /* Debug */,
				AD00907424DE90EA004EB706 /* Release */,
			);
			defaultConfigurationIsVisible = 0;
			defaultConfigurationName = Release;
		};
		AD00907524DE90EA004EB706 /* Build configuration list for PBXNativeTarget "Credit Card Store" */ = {
			isa = XCConfigurationList;
			buildConfigurations = (
				AD00907624DE90EA004EB706 /* Debug */,
				AD00907724DE90EA004EB706 /* Release */,
			);
			defaultConfigurationIsVisible = 0;
			defaultConfigurationName = Release;
		};
/* End XCConfigurationList section */

/* Begin XCRemoteSwiftPackageReference section */
		AD00907824DE933B004EB706 /* XCRemoteSwiftPackageReference "RxSwift" */ = {
			isa = XCRemoteSwiftPackageReference;
			repositoryURL = "https://github.com/ReactiveX/RxSwift";
			requirement = {
				kind = upToNextMajorVersion;
				minimumVersion = 5.1.1;
			};
		};
		AD00909324DE959B004EB706 /* XCRemoteSwiftPackageReference "keychain-swift" */ = {
			isa = XCRemoteSwiftPackageReference;
			repositoryURL = "https://github.com/evgenyneu/keychain-swift";
			requirement = {
				kind = upToNextMajorVersion;
				minimumVersion = 19.0.0;
			};
		};
/* End XCRemoteSwiftPackageReference section */

/* Begin XCSwiftPackageProductDependency section */
		AD00907924DE933B004EB706 /* RxSwift */ = {
			isa = XCSwiftPackageProductDependency;
			package = AD00907824DE933B004EB706 /* XCRemoteSwiftPackageReference "RxSwift" */;
			productName = RxSwift;
		};
		AD00907B24DE933B004EB706 /* RxCocoa */ = {
			isa = XCSwiftPackageProductDependency;
			package = AD00907824DE933B004EB706 /* XCRemoteSwiftPackageReference "RxSwift" */;
			productName = RxCocoa;
		};
		AD00909424DE959B004EB706 /* KeychainSwift */ = {
			isa = XCSwiftPackageProductDependency;
			package = AD00909324DE959B004EB706 /* XCRemoteSwiftPackageReference "keychain-swift" */;
			productName = KeychainSwift;
		};
/* End XCSwiftPackageProductDependency section */
	};
	rootObject = AD00905924DE90E9004EB706 /* Project object */;
}
